// !$*UTF8*$!
{
	archiveVersion = 1;
	classes = {
	};
	objectVersion = 77;
	objects = {

/* Begin PBXBuildFile section */
		3BF5910C2EE74F3800FE3F33 /* Lottie in Frameworks */ = {isa = PBXBuildFile; productRef = 3BF5910B2EE74F3800FE3F33 /* Lottie */; };
		4D3F08DF2EC4F1BB000BF6B7 /* CoreHaptics.framework in Frameworks */ = {isa = PBXBuildFile; fileRef = 4D3F08DE2EC4F1BB000BF6B7 /* CoreHaptics.framework */; };
		4D3F08E12EC4F1C3000BF6B7 /* MediaPlayer.framework in Frameworks */ = {isa = PBXBuildFile; fileRef = 4D3F08E02EC4F1C3000BF6B7 /* MediaPlayer.framework */; };
		8B09AE362ED4CED000DD0C9A /* SVGKit in Frameworks */ = {isa = PBXBuildFile; productRef = 8B09AE352ED4CED000DD0C9A /* SVGKit */; };
		8B09AE382ED4CED000DD0C9A /* SVGKitSwift in Frameworks */ = {isa = PBXBuildFile; productRef = 8B09AE372ED4CED000DD0C9A /* SVGKitSwift */; };
/* End PBXBuildFile section */

/* Begin PBXContainerItemProxy section */
		4D89BDB22ED7275100F76819 /* PBXContainerItemProxy */ = {
			isa = PBXContainerItemProxy;
			containerPortal = 4D3F08C62EC4F119000BF6B7 /* Project object */;
			proxyType = 1;
			remoteGlobalIDString = 4D3F08CD2EC4F119000BF6B7;
			remoteInfo = DirtyDogs;
		};
/* End PBXContainerItemProxy section */

/* Begin PBXFileReference section */
		4D3F08CE2EC4F119000BF6B7 /* DirtyDogs.app */ = {isa = PBXFileReference; explicitFileType = wrapper.application; includeInIndex = 0; path = DirtyDogs.app; sourceTree = BUILT_PRODUCTS_DIR; };
		4D3F08DE2EC4F1BB000BF6B7 /* CoreHaptics.framework */ = {isa = PBXFileReference; lastKnownFileType = wrapper.framework; name = CoreHaptics.framework; path = System/Library/Frameworks/CoreHaptics.framework; sourceTree = SDKROOT; };
		4D3F08E02EC4F1C3000BF6B7 /* MediaPlayer.framework */ = {isa = PBXFileReference; lastKnownFileType = wrapper.framework; name = MediaPlayer.framework; path = System/Library/Frameworks/MediaPlayer.framework; sourceTree = SDKROOT; };
		4D89BDAE2ED7275100F76819 /* DirtyDogsUITests.xctest */ = {isa = PBXFileReference; explicitFileType = wrapper.cfbundle; includeInIndex = 0; path = DirtyDogsUITests.xctest; sourceTree = BUILT_PRODUCTS_DIR; };
/* End PBXFileReference section */

/* Begin PBXFileSystemSynchronizedBuildFileExceptionSet section */
		4D89B94C2ED3DE1700F76819 /* Exceptions for "DirtyDogs" folder in "DirtyDogs" target */ = {
			isa = PBXFileSystemSynchronizedBuildFileExceptionSet;
			membershipExceptions = (
				Info.plist,
			);
			target = 4D3F08CD2EC4F119000BF6B7 /* DirtyDogs */;
		};
/* End PBXFileSystemSynchronizedBuildFileExceptionSet section */

/* Begin PBXFileSystemSynchronizedRootGroup section */
		4D3F08D02EC4F119000BF6B7 /* DirtyDogs */ = {
			isa = PBXFileSystemSynchronizedRootGroup;
			exceptions = (
				4D89B94C2ED3DE1700F76819 /* Exceptions for "DirtyDogs" folder in "DirtyDogs" target */,
			);
			path = DirtyDogs;
			sourceTree = "<group>";
		};
		4D89BDAF2ED7275100F76819 /* DirtyDogsUITests */ = {
			isa = PBXFileSystemSynchronizedRootGroup;
			path = DirtyDogsUITests;
			sourceTree = "<group>";
		};
/* End PBXFileSystemSynchronizedRootGroup section */

/* Begin PBXFrameworksBuildPhase section */
		4D3F08CB2EC4F119000BF6B7 /* Frameworks */ = {
			isa = PBXFrameworksBuildPhase;
			buildActionMask = 2147483647;
			files = (
				3BF5910C2EE74F3800FE3F33 /* Lottie in Frameworks */,
				8B09AE382ED4CED000DD0C9A /* SVGKitSwift in Frameworks */,
				8B09AE362ED4CED000DD0C9A /* SVGKit in Frameworks */,
				4D3F08E12EC4F1C3000BF6B7 /* MediaPlayer.framework in Frameworks */,
				4D3F08DF2EC4F1BB000BF6B7 /* CoreHaptics.framework in Frameworks */,
			);
			runOnlyForDeploymentPostprocessing = 0;
		};
		4D89BDAB2ED7275100F76819 /* Frameworks */ = {
			isa = PBXFrameworksBuildPhase;
			buildActionMask = 2147483647;
			files = (
			);
			runOnlyForDeploymentPostprocessing = 0;
		};
/* End PBXFrameworksBuildPhase section */

/* Begin PBXGroup section */
		4D3F08C52EC4F119000BF6B7 = {
			isa = PBXGroup;
			children = (
				4D3F08D02EC4F119000BF6B7 /* DirtyDogs */,
				4D89BDAF2ED7275100F76819 /* DirtyDogsUITests */,
				4D3F08DD2EC4F1BB000BF6B7 /* Frameworks */,
				4D3F08CF2EC4F119000BF6B7 /* Products */,
			);
			sourceTree = "<group>";
		};
		4D3F08CF2EC4F119000BF6B7 /* Products */ = {
			isa = PBXGroup;
			children = (
				4D3F08CE2EC4F119000BF6B7 /* DirtyDogs.app */,
				4D89BDAE2ED7275100F76819 /* DirtyDogsUITests.xctest */,
			);
			name = Products;
			sourceTree = "<group>";
		};
		4D3F08DD2EC4F1BB000BF6B7 /* Frameworks */ = {
			isa = PBXGroup;
			children = (
				4D3F08E02EC4F1C3000BF6B7 /* MediaPlayer.framework */,
				4D3F08DE2EC4F1BB000BF6B7 /* CoreHaptics.framework */,
			);
			name = Frameworks;
			sourceTree = "<group>";
		};
/* End PBXGroup section */

/* Begin PBXNativeTarget section */
		4D3F08CD2EC4F119000BF6B7 /* DirtyDogs */ = {
			isa = PBXNativeTarget;
			buildConfigurationList = 4D3F08D92EC4F11A000BF6B7 /* Build configuration list for PBXNativeTarget "DirtyDogs" */;
			buildPhases = (
				4D3F08CA2EC4F119000BF6B7 /* Sources */,
				4D3F08CB2EC4F119000BF6B7 /* Frameworks */,
				4D3F08CC2EC4F119000BF6B7 /* Resources */,
			);
			buildRules = (
			);
			dependencies = (
			);
			fileSystemSynchronizedGroups = (
				4D3F08D02EC4F119000BF6B7 /* DirtyDogs */,
			);
			name = DirtyDogs;
			packageProductDependencies = (
				8B09AE352ED4CED000DD0C9A /* SVGKit */,
				8B09AE372ED4CED000DD0C9A /* SVGKitSwift */,
				3BF5910B2EE74F3800FE3F33 /* Lottie */,
			);
			productName = DirtyDogs;
			productReference = 4D3F08CE2EC4F119000BF6B7 /* DirtyDogs.app */;
			productType = "com.apple.product-type.application";
		};
		4D89BDAD2ED7275100F76819 /* DirtyDogsUITests */ = {
			isa = PBXNativeTarget;
			buildConfigurationList = 4D89BDB42ED7275100F76819 /* Build configuration list for PBXNativeTarget "DirtyDogsUITests" */;
			buildPhases = (
				4D89BDAA2ED7275100F76819 /* Sources */,
				4D89BDAB2ED7275100F76819 /* Frameworks */,
				4D89BDAC2ED7275100F76819 /* Resources */,
			);
			buildRules = (
			);
			dependencies = (
				4D89BDB32ED7275100F76819 /* PBXTargetDependency */,
			);
			fileSystemSynchronizedGroups = (
				4D89BDAF2ED7275100F76819 /* DirtyDogsUITests */,
			);
			name = DirtyDogsUITests;
			packageProductDependencies = (
			);
			productName = DirtyDogsUITests;
			productReference = 4D89BDAE2ED7275100F76819 /* DirtyDogsUITests.xctest */;
			productType = "com.apple.product-type.bundle.unit-test";
		};
/* End PBXNativeTarget section */

/* Begin PBXProject section */
		4D3F08C62EC4F119000BF6B7 /* Project object */ = {
			isa = PBXProject;
			attributes = {
				BuildIndependentTargetsInParallel = 1;
				LastSwiftUpdateCheck = 2600;
				LastUpgradeCheck = 2600;
				TargetAttributes = {
					4D3F08CD2EC4F119000BF6B7 = {
						CreatedOnToolsVersion = 26.0;
					};
					4D89BDAD2ED7275100F76819 = {
						CreatedOnToolsVersion = 26.0;
						TestTargetID = 4D3F08CD2EC4F119000BF6B7;
					};
				};
			};
			buildConfigurationList = 4D3F08C92EC4F119000BF6B7 /* Build configuration list for PBXProject "DirtyDogs" */;
			developmentRegion = en;
			hasScannedForEncodings = 0;
			knownRegions = (
				en,
				Base,
			);
			mainGroup = 4D3F08C52EC4F119000BF6B7;
			minimizedProjectReferenceProxies = 1;
			packageReferences = (
				8B09AE342ED4CED000DD0C9A /* XCRemoteSwiftPackageReference "SVGKit" */,
				3BF5910A2EE74F3800FE3F33 /* XCRemoteSwiftPackageReference "lottie-ios" */,
			);
			preferredProjectObjectVersion = 77;
			productRefGroup = 4D3F08CF2EC4F119000BF6B7 /* Products */;
			projectDirPath = "";
			projectRoot = "";
			targets = (
				4D3F08CD2EC4F119000BF6B7 /* DirtyDogs */,
				4D89BDAD2ED7275100F76819 /* DirtyDogsUITests */,
			);
		};
/* End PBXProject section */

/* Begin PBXResourcesBuildPhase section */
		4D3F08CC2EC4F119000BF6B7 /* Resources */ = {
			isa = PBXResourcesBuildPhase;
			buildActionMask = 2147483647;
			files = (
			);
			runOnlyForDeploymentPostprocessing = 0;
		};
		4D89BDAC2ED7275100F76819 /* Resources */ = {
			isa = PBXResourcesBuildPhase;
			buildActionMask = 2147483647;
			files = (
			);
			runOnlyForDeploymentPostprocessing = 0;
		};
/* End PBXResourcesBuildPhase section */

/* Begin PBXSourcesBuildPhase section */
		4D3F08CA2EC4F119000BF6B7 /* Sources */ = {
			isa = PBXSourcesBuildPhase;
			buildActionMask = 2147483647;
			files = (
			);
			runOnlyForDeploymentPostprocessing = 0;
		};
		4D89BDAA2ED7275100F76819 /* Sources */ = {
			isa = PBXSourcesBuildPhase;
			buildActionMask = 2147483647;
			files = (
			);
			runOnlyForDeploymentPostprocessing = 0;
		};
/* End PBXSourcesBuildPhase section */

/* Begin PBXTargetDependency section */
		4D89BDB32ED7275100F76819 /* PBXTargetDependency */ = {
			isa = PBXTargetDependency;
			target = 4D3F08CD2EC4F119000BF6B7 /* DirtyDogs */;
			targetProxy = 4D89BDB22ED7275100F76819 /* PBXContainerItemProxy */;
		};
/* End PBXTargetDependency section */

/* Begin XCBuildConfiguration section */
		4D3F08D72EC4F11A000BF6B7 /* Debug */ = {
			isa = XCBuildConfiguration;
			buildSettings = {
				ALWAYS_SEARCH_USER_PATHS = NO;
				ASSETCATALOG_COMPILER_GENERATE_SWIFT_ASSET_SYMBOL_EXTENSIONS = YES;
				CLANG_ANALYZER_NONNULL = YES;
				CLANG_ANALYZER_NUMBER_OBJECT_CONVERSION = YES_AGGRESSIVE;
				CLANG_CXX_LANGUAGE_STANDARD = "gnu++20";
				CLANG_ENABLE_MODULES = YES;
				CLANG_ENABLE_OBJC_ARC = YES;
				CLANG_ENABLE_OBJC_WEAK = YES;
				CLANG_WARN_BLOCK_CAPTURE_AUTORELEASING = YES;
				CLANG_WARN_BOOL_CONVERSION = YES;
				CLANG_WARN_COMMA = YES;
				CLANG_WARN_CONSTANT_CONVERSION = YES;
				CLANG_WARN_DEPRECATED_OBJC_IMPLEMENTATIONS = YES;
				CLANG_WARN_DIRECT_OBJC_ISA_USAGE = YES_ERROR;
				CLANG_WARN_DOCUMENTATION_COMMENTS = YES;
				CLANG_WARN_EMPTY_BODY = YES;
				CLANG_WARN_ENUM_CONVERSION = YES;
				CLANG_WARN_INFINITE_RECURSION = YES;
				CLANG_WARN_INT_CONVERSION = YES;
				CLANG_WARN_NON_LITERAL_NULL_CONVERSION = YES;
				CLANG_WARN_OBJC_IMPLICIT_RETAIN_SELF = YES;
				CLANG_WARN_OBJC_LITERAL_CONVERSION = YES;
				CLANG_WARN_OBJC_ROOT_CLASS = YES_ERROR;
				CLANG_WARN_QUOTED_INCLUDE_IN_FRAMEWORK_HEADER = YES;
				CLANG_WARN_RANGE_LOOP_ANALYSIS = YES;
				CLANG_WARN_STRICT_PROTOTYPES = YES;
				CLANG_WARN_SUSPICIOUS_MOVE = YES;
				CLANG_WARN_UNGUARDED_AVAILABILITY = YES_AGGRESSIVE;
				CLANG_WARN_UNREACHABLE_CODE = YES;
				CLANG_WARN__DUPLICATE_METHOD_MATCH = YES;
				COPY_PHASE_STRIP = NO;
				DEBUG_INFORMATION_FORMAT = dwarf;
				DEVELOPMENT_TEAM = 7K37UYKQLZ;
				ENABLE_STRICT_OBJC_MSGSEND = YES;
				ENABLE_TESTABILITY = YES;
				ENABLE_USER_SCRIPT_SANDBOXING = YES;
				GCC_C_LANGUAGE_STANDARD = gnu17;
				GCC_DYNAMIC_NO_PIC = NO;
				GCC_NO_COMMON_BLOCKS = YES;
				GCC_OPTIMIZATION_LEVEL = 0;
				GCC_PREPROCESSOR_DEFINITIONS = (
					"DEBUG=1",
					"$(inherited)",
				);
				GCC_WARN_64_TO_32_BIT_CONVERSION = YES;
				GCC_WARN_ABOUT_RETURN_TYPE = YES_ERROR;
				GCC_WARN_UNDECLARED_SELECTOR = YES;
				GCC_WARN_UNINITIALIZED_AUTOS = YES_AGGRESSIVE;
				GCC_WARN_UNUSED_FUNCTION = YES;
				GCC_WARN_UNUSED_VARIABLE = YES;
				IPHONEOS_DEPLOYMENT_TARGET = 26.0;
				LOCALIZATION_PREFERS_STRING_CATALOGS = YES;
				MTL_ENABLE_DEBUG_INFO = INCLUDE_SOURCE;
				MTL_FAST_MATH = YES;
				ONLY_ACTIVE_ARCH = YES;
				SDKROOT = iphoneos;
				SWIFT_ACTIVE_COMPILATION_CONDITIONS = "DEBUG $(inherited)";
				SWIFT_OPTIMIZATION_LEVEL = "-Onone";
			};
			name = Debug;
		};
		4D3F08D82EC4F11A000BF6B7 /* Release */ = {
			isa = XCBuildConfiguration;
			buildSettings = {
				ALWAYS_SEARCH_USER_PATHS = NO;
				ASSETCATALOG_COMPILER_GENERATE_SWIFT_ASSET_SYMBOL_EXTENSIONS = YES;
				CLANG_ANALYZER_NONNULL = YES;
				CLANG_ANALYZER_NUMBER_OBJECT_CONVERSION = YES_AGGRESSIVE;
				CLANG_CXX_LANGUAGE_STANDARD = "gnu++20";
				CLANG_ENABLE_MODULES = YES;
				CLANG_ENABLE_OBJC_ARC = YES;
				CLANG_ENABLE_OBJC_WEAK = YES;
				CLANG_WARN_BLOCK_CAPTURE_AUTORELEASING = YES;
				CLANG_WARN_BOOL_CONVERSION = YES;
				CLANG_WARN_COMMA = YES;
				CLANG_WARN_CONSTANT_CONVERSION = YES;
				CLANG_WARN_DEPRECATED_OBJC_IMPLEMENTATIONS = YES;
				CLANG_WARN_DIRECT_OBJC_ISA_USAGE = YES_ERROR;
				CLANG_WARN_DOCUMENTATION_COMMENTS = YES;
				CLANG_WARN_EMPTY_BODY = YES;
				CLANG_WARN_ENUM_CONVERSION = YES;
				CLANG_WARN_INFINITE_RECURSION = YES;
				CLANG_WARN_INT_CONVERSION = YES;
				CLANG_WARN_NON_LITERAL_NULL_CONVERSION = YES;
				CLANG_WARN_OBJC_IMPLICIT_RETAIN_SELF = YES;
				CLANG_WARN_OBJC_LITERAL_CONVERSION = YES;
				CLANG_WARN_OBJC_ROOT_CLASS = YES_ERROR;
				CLANG_WARN_QUOTED_INCLUDE_IN_FRAMEWORK_HEADER = YES;
				CLANG_WARN_RANGE_LOOP_ANALYSIS = YES;
				CLANG_WARN_STRICT_PROTOTYPES = YES;
				CLANG_WARN_SUSPICIOUS_MOVE = YES;
				CLANG_WARN_UNGUARDED_AVAILABILITY = YES_AGGRESSIVE;
				CLANG_WARN_UNREACHABLE_CODE = YES;
				CLANG_WARN__DUPLICATE_METHOD_MATCH = YES;
				COPY_PHASE_STRIP = NO;
				DEBUG_INFORMATION_FORMAT = "dwarf-with-dsym";
				DEVELOPMENT_TEAM = 7K37UYKQLZ;
				ENABLE_NS_ASSERTIONS = NO;
				ENABLE_STRICT_OBJC_MSGSEND = YES;
				ENABLE_USER_SCRIPT_SANDBOXING = YES;
				GCC_C_LANGUAGE_STANDARD = gnu17;
				GCC_NO_COMMON_BLOCKS = YES;
				GCC_WARN_64_TO_32_BIT_CONVERSION = YES;
				GCC_WARN_ABOUT_RETURN_TYPE = YES_ERROR;
				GCC_WARN_UNDECLARED_SELECTOR = YES;
				GCC_WARN_UNINITIALIZED_AUTOS = YES_AGGRESSIVE;
				GCC_WARN_UNUSED_FUNCTION = YES;
				GCC_WARN_UNUSED_VARIABLE = YES;
				IPHONEOS_DEPLOYMENT_TARGET = 26.0;
				LOCALIZATION_PREFERS_STRING_CATALOGS = YES;
				MTL_ENABLE_DEBUG_INFO = NO;
				MTL_FAST_MATH = YES;
				SDKROOT = iphoneos;
				SWIFT_COMPILATION_MODE = wholemodule;
				VALIDATE_PRODUCT = YES;
			};
			name = Release;
		};
		4D3F08DA2EC4F11A000BF6B7 /* Debug */ = {
			isa = XCBuildConfiguration;
			buildSettings = {
				ASSETCATALOG_COMPILER_APPICON_NAME = AppIcon;
				ASSETCATALOG_COMPILER_GLOBAL_ACCENT_COLOR_NAME = AccentColor;
				ASSETCATALOG_COMPILER_INCLUDE_ALL_APPICON_ASSETS = NO;
				CODE_SIGN_ENTITLEMENTS = DirtyDogs/DirtyDogs.entitlements;
				"CODE_SIGN_IDENTITY[sdk=iphoneos*]" = "iPhone Developer";
				CODE_SIGN_STYLE = Manual;
				CURRENT_PROJECT_VERSION = 1;
				DEVELOPMENT_TEAM = "";
				"DEVELOPMENT_TEAM[sdk=iphoneos*]" = 7K37UYKQLZ;
				ENABLE_PREVIEWS = YES;
				GENERATE_INFOPLIST_FILE = YES;
				INFOPLIST_FILE = DirtyDogs/Info.plist;
				INFOPLIST_KEY_CFBundleDisplayName = "Dirty Dogs";
				INFOPLIST_KEY_LSApplicationCategoryType = "public.app-category.games";
				INFOPLIST_KEY_NSHumanReadableCopyright = "";
				INFOPLIST_KEY_NSMicrophoneUsageDescription = "Permita o microfone para utilizar mecânicas do jogo.";
				INFOPLIST_KEY_NSSpeechRecognitionUsageDescription = "Permita o reconhecimento de voz para utilizar mecânicas do jogo.";
				INFOPLIST_KEY_UIApplicationSceneManifest_Generation = YES;
				INFOPLIST_KEY_UIApplicationSupportsIndirectInputEvents = YES;
				INFOPLIST_KEY_UILaunchScreen_Generation = YES;
				INFOPLIST_KEY_UILaunchStoryboardName = "Launch Screen";
				INFOPLIST_KEY_UISupportedInterfaceOrientations = UIInterfaceOrientationPortrait;
				LD_RUNPATH_SEARCH_PATHS = (
					"$(inherited)",
					"@executable_path/Frameworks",
				);
				MARKETING_VERSION = 1.0;
				PRODUCT_BUNDLE_IDENTIFIER = Academy.DirtyDogs;
				PRODUCT_NAME = "$(TARGET_NAME)";
				PROVISIONING_PROFILE_SPECIFIER = "";
				"PROVISIONING_PROFILE_SPECIFIER[sdk=iphoneos*]" = DirtyDogs;
				STRING_CATALOG_GENERATE_SYMBOLS = YES;
				SUPPORTED_PLATFORMS = "iphoneos iphonesimulator";
				SUPPORTS_MACCATALYST = NO;
				SUPPORTS_MAC_DESIGNED_FOR_IPHONE_IPAD = NO;
				SUPPORTS_XR_DESIGNED_FOR_IPHONE_IPAD = NO;
				SWIFT_APPROACHABLE_CONCURRENCY = YES;
				SWIFT_DEFAULT_ACTOR_ISOLATION = MainActor;
				SWIFT_EMIT_LOC_STRINGS = YES;
				SWIFT_UPCOMING_FEATURE_MEMBER_IMPORT_VISIBILITY = YES;
				SWIFT_VERSION = 5.0;
				TARGETED_DEVICE_FAMILY = 1;
			};
			name = Debug;
		};
		4D3F08DB2EC4F11A000BF6B7 /* Release */ = {
			isa = XCBuildConfiguration;
			buildSettings = {
				ASSETCATALOG_COMPILER_APPICON_NAME = AppIcon;
				ASSETCATALOG_COMPILER_GLOBAL_ACCENT_COLOR_NAME = AccentColor;
				ASSETCATALOG_COMPILER_INCLUDE_ALL_APPICON_ASSETS = NO;
				CODE_SIGN_ENTITLEMENTS = DirtyDogs/DirtyDogs.entitlements;
				"CODE_SIGN_IDENTITY[sdk=iphoneos*]" = "iPhone Developer";
				CODE_SIGN_STYLE = Manual;
				CURRENT_PROJECT_VERSION = 1;
				DEVELOPMENT_TEAM = "";
				"DEVELOPMENT_TEAM[sdk=iphoneos*]" = 7K37UYKQLZ;
				ENABLE_PREVIEWS = YES;
				GENERATE_INFOPLIST_FILE = YES;
				INFOPLIST_FILE = DirtyDogs/Info.plist;
				INFOPLIST_KEY_CFBundleDisplayName = "Dirty Dogs";
				INFOPLIST_KEY_LSApplicationCategoryType = "public.app-category.games";
				INFOPLIST_KEY_NSHumanReadableCopyright = "";
				INFOPLIST_KEY_NSMicrophoneUsageDescription = "Permita o microfone para utilizar mecânicas do jogo.";
				INFOPLIST_KEY_NSSpeechRecognitionUsageDescription = "Permita o reconhecimento de voz para utilizar mecânicas do jogo.";
				INFOPLIST_KEY_UIApplicationSceneManifest_Generation = YES;
				INFOPLIST_KEY_UIApplicationSupportsIndirectInputEvents = YES;
				INFOPLIST_KEY_UILaunchScreen_Generation = YES;
				INFOPLIST_KEY_UILaunchStoryboardName = "Launch Screen";
				INFOPLIST_KEY_UISupportedInterfaceOrientations = UIInterfaceOrientationPortrait;
				LD_RUNPATH_SEARCH_PATHS = (
					"$(inherited)",
					"@executable_path/Frameworks",
				);
				MARKETING_VERSION = 1.0;
				PRODUCT_BUNDLE_IDENTIFIER = Academy.DirtyDogs;
				PRODUCT_NAME = "$(TARGET_NAME)";
				PROVISIONING_PROFILE_SPECIFIER = "";
				"PROVISIONING_PROFILE_SPECIFIER[sdk=iphoneos*]" = DirtyDogs;
				STRING_CATALOG_GENERATE_SYMBOLS = YES;
				SUPPORTED_PLATFORMS = "iphoneos iphonesimulator";
				SUPPORTS_MACCATALYST = NO;
				SUPPORTS_MAC_DESIGNED_FOR_IPHONE_IPAD = NO;
				SUPPORTS_XR_DESIGNED_FOR_IPHONE_IPAD = NO;
				SWIFT_APPROACHABLE_CONCURRENCY = YES;
				SWIFT_DEFAULT_ACTOR_ISOLATION = MainActor;
				SWIFT_EMIT_LOC_STRINGS = YES;
				SWIFT_UPCOMING_FEATURE_MEMBER_IMPORT_VISIBILITY = YES;
				SWIFT_VERSION = 5.0;
				TARGETED_DEVICE_FAMILY = 1;
			};
			name = Release;
		};
		4D89BDB52ED7275100F76819 /* Debug */ = {
			isa = XCBuildConfiguration;
			buildSettings = {
				BUNDLE_LOADER = "$(TEST_HOST)";
				CODE_SIGN_STYLE = Automatic;
				CURRENT_PROJECT_VERSION = 1;
				DEVELOPMENT_TEAM = 7K37UYKQLZ;
				GENERATE_INFOPLIST_FILE = YES;
				MARKETING_VERSION = 1.0;
				PRODUCT_BUNDLE_IDENTIFIER = Academy.DirtyDogsUITests;
				PRODUCT_NAME = "$(TARGET_NAME)";
				STRING_CATALOG_GENERATE_SYMBOLS = NO;
				SWIFT_APPROACHABLE_CONCURRENCY = YES;
				SWIFT_EMIT_LOC_STRINGS = NO;
				SWIFT_UPCOMING_FEATURE_MEMBER_IMPORT_VISIBILITY = YES;
				SWIFT_VERSION = 5.0;
				TARGETED_DEVICE_FAMILY = "1,2";
				TEST_HOST = "$(BUILT_PRODUCTS_DIR)/DirtyDogs.app/$(BUNDLE_EXECUTABLE_FOLDER_PATH)/DirtyDogs";
			};
			name = Debug;
		};
		4D89BDB62ED7275100F76819 /* Release */ = {
			isa = XCBuildConfiguration;
			buildSettings = {
				BUNDLE_LOADER = "$(TEST_HOST)";
				CODE_SIGN_STYLE = Automatic;
				CURRENT_PROJECT_VERSION = 1;
				DEVELOPMENT_TEAM = 7K37UYKQLZ;
				GENERATE_INFOPLIST_FILE = YES;
				MARKETING_VERSION = 1.0;
				PRODUCT_BUNDLE_IDENTIFIER = Academy.DirtyDogsUITests;
				PRODUCT_NAME = "$(TARGET_NAME)";
				STRING_CATALOG_GENERATE_SYMBOLS = NO;
				SWIFT_APPROACHABLE_CONCURRENCY = YES;
				SWIFT_EMIT_LOC_STRINGS = NO;
				SWIFT_UPCOMING_FEATURE_MEMBER_IMPORT_VISIBILITY = YES;
				SWIFT_VERSION = 5.0;
				TARGETED_DEVICE_FAMILY = "1,2";
				TEST_HOST = "$(BUILT_PRODUCTS_DIR)/DirtyDogs.app/$(BUNDLE_EXECUTABLE_FOLDER_PATH)/DirtyDogs";
			};
			name = Release;
		};
/* End XCBuildConfiguration section */

/* Begin XCConfigurationList section */
		4D3F08C92EC4F119000BF6B7 /* Build configuration list for PBXProject "DirtyDogs" */ = {
			isa = XCConfigurationList;
			buildConfigurations = (
				4D3F08D72EC4F11A000BF6B7 /* Debug */,
				4D3F08D82EC4F11A000BF6B7 /* Release */,
			);
			defaultConfigurationIsVisible = 0;
			defaultConfigurationName = Release;
		};
		4D3F08D92EC4F11A000BF6B7 /* Build configuration list for PBXNativeTarget "DirtyDogs" */ = {
			isa = XCConfigurationList;
			buildConfigurations = (
				4D3F08DA2EC4F11A000BF6B7 /* Debug */,
				4D3F08DB2EC4F11A000BF6B7 /* Release */,
			);
			defaultConfigurationIsVisible = 0;
			defaultConfigurationName = Release;
		};
		4D89BDB42ED7275100F76819 /* Build configuration list for PBXNativeTarget "DirtyDogsUITests" */ = {
			isa = XCConfigurationList;
			buildConfigurations = (
				4D89BDB52ED7275100F76819 /* Debug */,
				4D89BDB62ED7275100F76819 /* Release */,
			);
			defaultConfigurationIsVisible = 0;
			defaultConfigurationName = Release;
		};
/* End XCConfigurationList section */

/* Begin XCRemoteSwiftPackageReference section */
		3BF5910A2EE74F3800FE3F33 /* XCRemoteSwiftPackageReference "lottie-ios" */ = {
			isa = XCRemoteSwiftPackageReference;
			repositoryURL = "https://github.com/airbnb/lottie-ios.git";
			requirement = {
				kind = upToNextMajorVersion;
				minimumVersion = 4.5.2;
			};
		};
		8B09AE342ED4CED000DD0C9A /* XCRemoteSwiftPackageReference "SVGKit" */ = {
			isa = XCRemoteSwiftPackageReference;
			repositoryURL = "https://github.com/SVGKit/SVGKit.git";
			requirement = {
				kind = upToNextMajorVersion;
				minimumVersion = 3.0.0;
			};
		};
/* End XCRemoteSwiftPackageReference section */

/* Begin XCSwiftPackageProductDependency section */
		3BF5910B2EE74F3800FE3F33 /* Lottie */ = {
			isa = XCSwiftPackageProductDependency;
			package = 3BF5910A2EE74F3800FE3F33 /* XCRemoteSwiftPackageReference "lottie-ios" */;
			productName = Lottie;
		};
		8B09AE352ED4CED000DD0C9A /* SVGKit */ = {
			isa = XCSwiftPackageProductDependency;
			package = 8B09AE342ED4CED000DD0C9A /* XCRemoteSwiftPackageReference "SVGKit" */;
			productName = SVGKit;
		};
		8B09AE372ED4CED000DD0C9A /* SVGKitSwift */ = {
			isa = XCSwiftPackageProductDependency;
			package = 8B09AE342ED4CED000DD0C9A /* XCRemoteSwiftPackageReference "SVGKit" */;
			productName = SVGKitSwift;
		};
/* End XCSwiftPackageProductDependency section */
	};
	rootObject = 4D3F08C62EC4F119000BF6B7 /* Project object */;
}
